
Microsoft Visual Studio Solution File, Format Version 12.00
# Visual Studio Version 16
VisualStudioVersion = 16.0.31624.102
MinimumVisualStudioVersion = 10.0.40219.1
Project("{9A19103F-16F7-4668-BE54-9A1E7A4F7556}") = "test-api", "test-api\test-api.csproj", "{544756A5-2078-4FA2-BA77-C7998DADB241}"
EndProject
Project("{9A19103F-16F7-4668-BE54-9A1E7A4F7556}") = "TypeScriptGenerator", "generator\TypeScriptGenerator\TypeScriptGenerator.csproj", "{AB0DE30B-5C91-458F-8720-DB6E97EFF4B7}"
EndProject
Global
	GlobalSection(SolutionConfigurationPlatforms) = preSolution
		Debug|Any CPU = Debug|Any CPU
		Release|Any CPU = Release|Any CPU
	EndGlobalSection
	GlobalSection(ProjectConfigurationPlatforms) = postSolution
		{544756A5-2078-4FA2-BA77-C7998DADB241}.Debug|Any CPU.ActiveCfg = Debug|Any CPU
		{544756A5-2078-4FA2-BA77-C7998DADB241}.Debug|Any CPU.Build.0 = Debug|Any CPU
		{544756A5-2078-4FA2-BA77-C7998DADB241}.Release|Any CPU.ActiveCfg = Release|Any CPU
		{544756A5-2078-4FA2-BA77-C7998DADB241}.Release|Any CPU.Build.0 = Release|Any CPU
		{AB0DE30B-5C91-458F-8720-DB6E97EFF4B7}.Debug|Any CPU.ActiveCfg = Debug|Any CPU
		{AB0DE30B-5C91-458F-8720-DB6E97EFF4B7}.Debug|Any CPU.Build.0 = Debug|Any CPU
		{AB0DE30B-5C91-458F-8720-DB6E97EFF4B7}.Release|Any CPU.ActiveCfg = Release|Any CPU
		{AB0DE30B-5C91-458F-8720-DB6E97EFF4B7}.Release|Any CPU.Build.0 = Release|Any CPU
	EndGlobalSection
	GlobalSection(SolutionProperties) = preSolution
		HideSolutionNode = FALSE
	EndGlobalSection
	GlobalSection(ExtensibilityGlobals) = postSolution
		SolutionGuid = {9EACC50A-A1B2-460B-A12C-7BCE55EC60A7}
	EndGlobalSection
EndGlobal
